{
  "version": 4,
  "terraform_version": "1.1.6",
  "serial": 306,
  "lineage": "87671f6f-6e4f-2e8c-bb85-8fe11b0292cc",
  "outputs": {},
  "resources": [
    {
      "mode": "data",
      "type": "azurerm_subscription",
      "name": "sub-test",
      "provider": "provider[\"registry.terraform.io/hashicorp/azurerm\"]",
      "instances": [
        {
          "schema_version": 0,
          "attributes": {
            "display_name": "Alexandre Jean Azure Internal Consumption",
            "id": "/subscriptions/45b6357e-b3b3-4e92-8c9a-5216d9813ded",
            "location_placement_id": "Internal_2014-09-01",
            "quota_id": "Internal_2014-09-01",
            "spending_limit": "Off",
            "state": "Enabled",
            "subscription_id": "45b6357e-b3b3-4e92-8c9a-5216d9813ded",
            "tags": {},
            "tenant_id": "72f988bf-86f1-41af-91ab-2d7cd011db47",
            "timeouts": null
          },
          "sensitive_attributes": []
        }
      ]
    },
    {
      "mode": "managed",
      "type": "azurerm_firewall",
      "name": "FirewallCapture",
      "provider": "provider[\"registry.terraform.io/hashicorp/azurerm\"]",
      "instances": [
        {
          "schema_version": 0,
          "attributes": {
            "dns_servers": [],
            "firewall_policy_id": null,
            "id": "/subscriptions/45b6357e-b3b3-4e92-8c9a-5216d9813ded/resourceGroups/rg-AzureFirewall/providers/Microsoft.Network/azureFirewalls/fw-Firewall",
            "ip_configuration": [
              {
                "name": "configuration",
                "private_ip_address": "10.6.1.4",
                "public_ip_address_id": "/subscriptions/45b6357e-b3b3-4e92-8c9a-5216d9813ded/resourceGroups/rg-AzureFirewall/providers/Microsoft.Network/publicIPAddresses/pip-firewall-Firewall",
                "subnet_id": "/subscriptions/45b6357e-b3b3-4e92-8c9a-5216d9813ded/resourceGroups/rg-AzureFirewall/providers/Microsoft.Network/virtualNetworks/vn-Firewall/subnets/AzureFirewallSubnet"
              }
            ],
            "location": "westeurope",
            "management_ip_configuration": [],
            "name": "fw-Firewall",
            "private_ip_ranges": [],
            "resource_group_name": "rg-AzureFirewall",
            "sku_name": "AZFW_VNet",
            "sku_tier": "Premium",
            "tags": {},
            "threat_intel_mode": "Alert",
            "timeouts": null,
            "virtual_hub": [],
            "zones": []
          },
          "sensitive_attributes": [],
          "private": "eyJlMmJmYjczMC1lY2FhLTExZTYtOGY4OC0zNDM2M2JjN2M0YzAiOnsiY3JlYXRlIjo1NDAwMDAwMDAwMDAwLCJkZWxldGUiOjU0MDAwMDAwMDAwMDAsInJlYWQiOjMwMDAwMDAwMDAwMCwidXBkYXRlIjo1NDAwMDAwMDAwMDAwfX0=",
          "dependencies": [
            "azurerm_public_ip.firewall",
            "azurerm_resource_group.AzureFirewallCapture",
            "azurerm_subnet.firewall",
            "azurerm_virtual_network.vnet"
          ]
        }
      ]
    },
    {
      "mode": "managed",
      "type": "azurerm_firewall_policy",
      "name": "AzureFirewallCapture",
      "provider": "provider[\"registry.terraform.io/hashicorp/azurerm\"]",
      "instances": [
        {
          "schema_version": 0,
          "attributes": {
            "base_policy_id": "",
            "child_policies": [],
            "dns": [],
            "firewalls": [],
            "id": "/subscriptions/45b6357e-b3b3-4e92-8c9a-5216d9813ded/resourceGroups/rg-AzureFirewall/providers/Microsoft.Network/firewallPolicies/fwpolicy-1",
            "identity": [],
            "intrusion_detection": [],
            "location": "westeurope",
            "name": "fwpolicy-1",
            "private_ip_ranges": [],
            "resource_group_name": "rg-AzureFirewall",
            "rule_collection_groups": [
              "/subscriptions/45b6357e-b3b3-4e92-8c9a-5216d9813ded/resourceGroups/rg-AzureFirewall/providers/Microsoft.Network/firewallPolicies/fwpolicy-1/ruleCollectionGroups/fwpolicy-rcg"
            ],
            "sku": "Standard",
            "tags": {},
            "threat_intelligence_allowlist": [],
            "threat_intelligence_mode": "Alert",
            "timeouts": null,
            "tls_certificate": []
          },
          "sensitive_attributes": [],
          "private": "eyJlMmJmYjczMC1lY2FhLTExZTYtOGY4OC0zNDM2M2JjN2M0YzAiOnsiY3JlYXRlIjoxODAwMDAwMDAwMDAwLCJkZWxldGUiOjE4MDAwMDAwMDAwMDAsInJlYWQiOjMwMDAwMDAwMDAwMCwidXBkYXRlIjoxODAwMDAwMDAwMDAwfX0=",
          "dependencies": [
            "azurerm_resource_group.AzureFirewallCapture"
          ]
        }
      ]
    },
    {
      "mode": "managed",
      "type": "azurerm_firewall_policy_rule_collection_group",
      "name": "rules",
      "provider": "provider[\"registry.terraform.io/hashicorp/azurerm\"]",
      "instances": [
        {
          "schema_version": 0,
          "attributes": {
            "application_rule_collection": [
              {
                "action": "Allow",
                "name": "app_rule_collection1_rule1",
                "priority": 300,
                "rule": [
                  {
                    "description": "",
                    "destination_addresses": [],
                    "destination_fqdn_tags": [],
                    "destination_fqdns": [
                      "*"
                    ],
                    "destination_urls": [],
                    "name": "network_rule_collection1_rule1",
                    "protocols": [
                      {
                        "port": 443,
                        "type": "Https"
                      },
                      {
                        "port": 80,
                        "type": "Http"
                      }
                    ],
                    "source_addresses": [
                      "*"
                    ],
                    "source_ip_groups": [],
                    "terminate_tls": false,
                    "web_categories": []
                  }
                ]
              }
            ],
            "firewall_policy_id": "/subscriptions/45b6357e-b3b3-4e92-8c9a-5216d9813ded/resourceGroups/rg-AzureFirewall/providers/Microsoft.Network/firewallPolicies/fwpolicy-1",
            "id": "/subscriptions/45b6357e-b3b3-4e92-8c9a-5216d9813ded/resourceGroups/rg-AzureFirewall/providers/Microsoft.Network/firewallPolicies/fwpolicy-1/ruleCollectionGroups/fwpolicy-rcg",
            "name": "fwpolicy-rcg",
            "nat_rule_collection": [
              {
                "action": "Dnat",
                "name": "nat_rule_collection1",
                "priority": 101,
                "rule": [
                  {
                    "destination_address": "20.50.35.157",
                    "destination_ports": [
                      "443"
                    ],
                    "name": "nat_rule_collection1_rule1",
                    "protocols": [
                      "TCP",
                      "UDP"
                    ],
                    "source_addresses": [
                      "*"
                    ],
                    "source_ip_groups": [],
                    "translated_address": "10.6.0.4",
                    "translated_port": 443
                  }
                ]
              }
            ],
            "network_rule_collection": [],
            "priority": 300,
            "timeouts": null
          },
          "sensitive_attributes": [],
          "private": "eyJlMmJmYjczMC1lY2FhLTExZTYtOGY4OC0zNDM2M2JjN2M0YzAiOnsiY3JlYXRlIjoxODAwMDAwMDAwMDAwLCJkZWxldGUiOjE4MDAwMDAwMDAwMDAsInJlYWQiOjMwMDAwMDAwMDAwMCwidXBkYXRlIjoxODAwMDAwMDAwMDAwfX0=",
          "dependencies": [
            "azurerm_firewall_policy.AzureFirewallCapture",
            "azurerm_network_interface.cyclecloud",
            "azurerm_public_ip.firewall",
            "azurerm_resource_group.AzureFirewallCapture",
            "azurerm_subnet.admin",
            "azurerm_virtual_network.vnet"
          ]
        }
      ]
    },
    {
      "mode": "managed",
      "type": "azurerm_log_analytics_workspace",
      "name": "FirewallCapture",
      "provider": "provider[\"registry.terraform.io/hashicorp/azurerm\"]",
      "instances": [
        {
          "schema_version": 2,
          "attributes": {
            "daily_quota_gb": -1,
            "id": "/subscriptions/45b6357e-b3b3-4e92-8c9a-5216d9813ded/resourceGroups/rg-AzureFirewall/providers/Microsoft.OperationalInsights/workspaces/la-Firewall",
            "internet_ingestion_enabled": true,
            "internet_query_enabled": true,
            "location": "westeurope",
            "name": "la-Firewall",
            "portal_url": "",
            "primary_shared_key": "gRA1lUVdXyZRwEzP7Nb96gZ8omgnYe2Wi4w2ZO0bfMb3MMaSJjwrBI98vgiXSeRdUar03MtvjX5ZKBSscf9kBw==",
            "reservation_capcity_in_gb_per_day": null,
            "resource_group_name": "rg-AzureFirewall",
            "retention_in_days": 30,
            "secondary_shared_key": "tQIBogEW7GKFlar9RS1QEp4l88jYXdXXdTNnwOz0ru+VOti58DN2TccvpJObbt3l1pdPksWkSQTZ4n796uwdqw==",
            "sku": "pergb2018",
            "tags": {},
            "timeouts": null,
            "workspace_id": "bb9222aa-9006-4ae0-8090-420675a02df7"
          },
          "sensitive_attributes": [],
          "private": "eyJlMmJmYjczMC1lY2FhLTExZTYtOGY4OC0zNDM2M2JjN2M0YzAiOnsiY3JlYXRlIjoxODAwMDAwMDAwMDAwLCJkZWxldGUiOjE4MDAwMDAwMDAwMDAsInJlYWQiOjMwMDAwMDAwMDAwMCwidXBkYXRlIjoxODAwMDAwMDAwMDAwfSwic2NoZW1hX3ZlcnNpb24iOiIyIn0=",
          "dependencies": [
            "azurerm_resource_group.AzureFirewallCapture"
          ]
        }
      ]
    },
    {
      "mode": "managed",
      "type": "azurerm_managed_disk",
      "name": "cyclecloud",
      "provider": "provider[\"registry.terraform.io/hashicorp/azurerm\"]",
      "instances": [
        {
          "schema_version": 0,
          "attributes": {
            "create_option": "Empty",
            "disk_access_id": "",
            "disk_encryption_set_id": "",
            "disk_iops_read_write": 500,
            "disk_mbps_read_write": 60,
            "disk_size_gb": 128,
            "encryption_settings": [],
            "id": "/subscriptions/45b6357e-b3b3-4e92-8c9a-5216d9813ded/resourceGroups/rg-AzureFirewall/providers/Microsoft.Compute/disks/vm-Firewall-cyclecloud-DataDisk1",
            "image_reference_id": "",
            "location": "westeurope",
            "logical_sector_size": null,
            "max_shares": 0,
            "name": "vm-Firewall-cyclecloud-DataDisk1",
            "network_access_policy": null,
            "os_type": "",
            "resource_group_name": "rg-AzureFirewall",
            "source_resource_id": "",
            "source_uri": "",
            "storage_account_id": "",
            "storage_account_type": "Standard_LRS",
            "tags": {
              "BusinessUnit": "FirewallCaptureTest",
              "Category": "Cloud",
              "CostCenter": "",
              "DataClassification": "Confidential",
              "Environment": "Dev",
              "Owner": "alexandre.jean@microsoft.com",
              "WorkloadName": "FirewallCaptureTest"
            },
            "tier": "",
            "timeouts": null,
            "zones": []
          },
          "sensitive_attributes": [],
          "private": "eyJlMmJmYjczMC1lY2FhLTExZTYtOGY4OC0zNDM2M2JjN2M0YzAiOnsiY3JlYXRlIjoxODAwMDAwMDAwMDAwLCJkZWxldGUiOjE4MDAwMDAwMDAwMDAsInJlYWQiOjMwMDAwMDAwMDAwMCwidXBkYXRlIjoxODAwMDAwMDAwMDAwfX0=",
          "dependencies": [
            "azurerm_resource_group.AzureFirewallCapture"
          ]
        }
      ]
    },
    {
      "mode": "managed",
      "type": "azurerm_network_interface",
      "name": "cyclecloud",
      "provider": "provider[\"registry.terraform.io/hashicorp/azurerm\"]",
      "instances": [
        {
          "schema_version": 0,
          "attributes": {
            "applied_dns_servers": [],
            "dns_servers": [],
            "enable_accelerated_networking": false,
            "enable_ip_forwarding": false,
            "id": "/subscriptions/45b6357e-b3b3-4e92-8c9a-5216d9813ded/resourceGroups/rg-AzureFirewall/providers/Microsoft.Network/networkInterfaces/vm-Firewall-nic",
            "internal_dns_name_label": "",
            "internal_domain_name_suffix": "oi3up2zyqsmenlgpcopebihd3g.ax.internal.cloudapp.net",
            "ip_configuration": [
              {
                "gateway_load_balancer_frontend_ip_configuration_id": "",
                "name": "ipconfig1",
                "primary": true,
                "private_ip_address": "10.6.0.4",
                "private_ip_address_allocation": "Dynamic",
                "private_ip_address_version": "IPv4",
                "public_ip_address_id": "",
                "subnet_id": "/subscriptions/45b6357e-b3b3-4e92-8c9a-5216d9813ded/resourceGroups/rg-AzureFirewall/providers/Microsoft.Network/virtualNetworks/vn-Firewall/subnets/admin"
              }
            ],
            "location": "westeurope",
            "mac_address": "00-0D-3A-4B-6B-6D",
            "name": "vm-Firewall-nic",
            "private_ip_address": "10.6.0.4",
            "private_ip_addresses": [
              "10.6.0.4"
            ],
            "resource_group_name": "rg-AzureFirewall",
            "tags": {
              "BusinessUnit": "FirewallCaptureTest",
              "Category": "Cloud",
              "CostCenter": "",
              "DataClassification": "Confidential",
              "Environment": "Dev",
              "Owner": "alexandre.jean@microsoft.com",
              "WorkloadName": "FirewallCaptureTest"
            },
            "timeouts": null,
            "virtual_machine_id": "/subscriptions/45b6357e-b3b3-4e92-8c9a-5216d9813ded/resourceGroups/rg-AzureFirewall/providers/Microsoft.Compute/virtualMachines/vm-Firewall-cyclecloud"
          },
          "sensitive_attributes": [],
          "private": "eyJlMmJmYjczMC1lY2FhLTExZTYtOGY4OC0zNDM2M2JjN2M0YzAiOnsiY3JlYXRlIjoxODAwMDAwMDAwMDAwLCJkZWxldGUiOjE4MDAwMDAwMDAwMDAsInJlYWQiOjMwMDAwMDAwMDAwMCwidXBkYXRlIjoxODAwMDAwMDAwMDAwfX0=",
          "dependencies": [
            "azurerm_resource_group.AzureFirewallCapture",
            "azurerm_subnet.admin",
            "azurerm_virtual_network.vnet"
          ]
        }
      ]
    },
    {
      "mode": "managed",
      "type": "azurerm_public_ip",
      "name": "bastion",
      "provider": "provider[\"registry.terraform.io/hashicorp/azurerm\"]",
      "instances": [
        {
          "schema_version": 0,
          "attributes": {
            "allocation_method": "Static",
            "availability_zone": "Zone-Redundant",
            "domain_name_label": null,
            "fqdn": null,
            "id": "/subscriptions/45b6357e-b3b3-4e92-8c9a-5216d9813ded/resourceGroups/rg-AzureFirewall/providers/Microsoft.Network/publicIPAddresses/pip-bastion-Firewall",
            "idle_timeout_in_minutes": 4,
            "ip_address": "20.50.35.122",
            "ip_tags": {},
            "ip_version": "IPv4",
            "location": "westeurope",
            "name": "pip-bastion-Firewall",
            "public_ip_prefix_id": null,
            "resource_group_name": "rg-AzureFirewall",
            "reverse_fqdn": null,
            "sku": "Standard",
            "sku_tier": "Regional",
            "tags": {},
            "timeouts": null,
            "zones": []
          },
          "sensitive_attributes": [],
          "private": "eyJlMmJmYjczMC1lY2FhLTExZTYtOGY4OC0zNDM2M2JjN2M0YzAiOnsiY3JlYXRlIjoxODAwMDAwMDAwMDAwLCJkZWxldGUiOjE4MDAwMDAwMDAwMDAsInJlYWQiOjMwMDAwMDAwMDAwMCwidXBkYXRlIjoxODAwMDAwMDAwMDAwfX0=",
          "dependencies": [
            "azurerm_resource_group.AzureFirewallCapture"
          ]
        }
      ]
    },
    {
      "mode": "managed",
      "type": "azurerm_public_ip",
      "name": "firewall",
      "provider": "provider[\"registry.terraform.io/hashicorp/azurerm\"]",
      "instances": [
        {
          "schema_version": 0,
          "attributes": {
            "allocation_method": "Static",
            "availability_zone": "Zone-Redundant",
            "domain_name_label": null,
            "fqdn": null,
            "id": "/subscriptions/45b6357e-b3b3-4e92-8c9a-5216d9813ded/resourceGroups/rg-AzureFirewall/providers/Microsoft.Network/publicIPAddresses/pip-firewall-Firewall",
            "idle_timeout_in_minutes": 4,
            "ip_address": "20.50.35.157",
            "ip_tags": {},
            "ip_version": "IPv4",
            "location": "westeurope",
            "name": "pip-firewall-Firewall",
            "public_ip_prefix_id": null,
            "resource_group_name": "rg-AzureFirewall",
            "reverse_fqdn": null,
            "sku": "Standard",
            "sku_tier": "Regional",
            "tags": {},
            "timeouts": null,
            "zones": []
          },
          "sensitive_attributes": [],
          "private": "eyJlMmJmYjczMC1lY2FhLTExZTYtOGY4OC0zNDM2M2JjN2M0YzAiOnsiY3JlYXRlIjoxODAwMDAwMDAwMDAwLCJkZWxldGUiOjE4MDAwMDAwMDAwMDAsInJlYWQiOjMwMDAwMDAwMDAwMCwidXBkYXRlIjoxODAwMDAwMDAwMDAwfX0=",
          "dependencies": [
            "azurerm_resource_group.AzureFirewallCapture"
          ]
        }
      ]
    },
    {
      "mode": "managed",
      "type": "azurerm_resource_group",
      "name": "AzureFirewallCapture",
      "provider": "provider[\"registry.terraform.io/hashicorp/azurerm\"]",
      "instances": [
        {
          "schema_version": 0,
          "attributes": {
            "id": "/subscriptions/45b6357e-b3b3-4e92-8c9a-5216d9813ded/resourceGroups/rg-AzureFirewall",
            "location": "westeurope",
            "name": "rg-AzureFirewall",
            "tags": {},
            "timeouts": null
          },
          "sensitive_attributes": [],
          "private": "eyJlMmJmYjczMC1lY2FhLTExZTYtOGY4OC0zNDM2M2JjN2M0YzAiOnsiY3JlYXRlIjo1NDAwMDAwMDAwMDAwLCJkZWxldGUiOjU0MDAwMDAwMDAwMDAsInJlYWQiOjMwMDAwMDAwMDAwMCwidXBkYXRlIjo1NDAwMDAwMDAwMDAwfX0="
        }
      ]
    },
    {
      "mode": "managed",
      "type": "azurerm_role_assignment",
      "name": "cyclecloud",
      "provider": "provider[\"registry.terraform.io/hashicorp/azurerm\"]",
      "instances": [
        {
          "schema_version": 0,
          "attributes": {
            "condition": "",
            "condition_version": "",
            "delegated_managed_identity_resource_id": "",
            "description": "",
            "id": "/subscriptions/45b6357e-b3b3-4e92-8c9a-5216d9813ded/providers/Microsoft.Authorization/roleAssignments/c98320f8-71a6-b61b-db0c-f73ecfaa1b4e",
            "name": "c98320f8-71a6-b61b-db0c-f73ecfaa1b4e",
            "principal_id": "6e1bf248-c0a6-46ec-856c-c05926cb50a8",
            "principal_type": "ServicePrincipal",
            "role_definition_id": "/subscriptions/45b6357e-b3b3-4e92-8c9a-5216d9813ded/providers/Microsoft.Authorization/roleDefinitions/b24988ac-6180-42a0-ab88-20f7382dd24c",
            "role_definition_name": "Contributor",
            "scope": "/subscriptions/45b6357e-b3b3-4e92-8c9a-5216d9813ded",
            "skip_service_principal_aad_check": null,
            "timeouts": null
          },
          "sensitive_attributes": [],
          "private": "eyJlMmJmYjczMC1lY2FhLTExZTYtOGY4OC0zNDM2M2JjN2M0YzAiOnsiY3JlYXRlIjoxODAwMDAwMDAwMDAwLCJkZWxldGUiOjE4MDAwMDAwMDAwMDAsInJlYWQiOjMwMDAwMDAwMDAwMCwidXBkYXRlIjoxODAwMDAwMDAwMDAwfX0=",
          "dependencies": [
            "azurerm_network_interface.cyclecloud",
            "azurerm_resource_group.AzureFirewallCapture",
            "azurerm_storage_account.cyclecloud",
            "azurerm_subnet.admin",
            "azurerm_virtual_machine.cyclecloud",
            "azurerm_virtual_network.vnet",
            "data.azurerm_subscription.sub-test",
            "random_string.random"
          ]
        }
      ]
    },
    {
      "mode": "managed",
      "type": "azurerm_route",
      "name": "route",
      "provider": "provider[\"registry.terraform.io/hashicorp/azurerm\"]",
      "instances": [
        {
          "schema_version": 0,
          "attributes": {
            "address_prefix": "0.0.0.0/0",
            "id": "/subscriptions/45b6357e-b3b3-4e92-8c9a-5216d9813ded/resourceGroups/rg-AzureFirewall/providers/Microsoft.Network/routeTables/rt-Firewall/routes/route-Firewall",
            "name": "route-Firewall",
            "next_hop_in_ip_address": "10.6.1.4",
            "next_hop_type": "VirtualAppliance",
            "resource_group_name": "rg-AzureFirewall",
            "route_table_name": "rt-Firewall",
            "timeouts": null
          },
          "sensitive_attributes": [],
          "private": "eyJlMmJmYjczMC1lY2FhLTExZTYtOGY4OC0zNDM2M2JjN2M0YzAiOnsiY3JlYXRlIjoxODAwMDAwMDAwMDAwLCJkZWxldGUiOjE4MDAwMDAwMDAwMDAsInJlYWQiOjMwMDAwMDAwMDAwMCwidXBkYXRlIjoxODAwMDAwMDAwMDAwfX0=",
          "dependencies": [
            "azurerm_firewall.FirewallCapture",
            "azurerm_public_ip.firewall",
            "azurerm_resource_group.AzureFirewallCapture",
            "azurerm_route_table.route-table",
            "azurerm_subnet.firewall",
            "azurerm_virtual_network.vnet"
          ]
        }
      ]
    },
    {
      "mode": "managed",
      "type": "azurerm_route_table",
      "name": "route-table",
      "provider": "provider[\"registry.terraform.io/hashicorp/azurerm\"]",
      "instances": [
        {
          "schema_version": 0,
          "attributes": {
            "disable_bgp_route_propagation": false,
            "id": "/subscriptions/45b6357e-b3b3-4e92-8c9a-5216d9813ded/resourceGroups/rg-AzureFirewall/providers/Microsoft.Network/routeTables/rt-Firewall",
            "location": "westeurope",
            "name": "rt-Firewall",
            "resource_group_name": "rg-AzureFirewall",
            "route": [
              {
                "address_prefix": "0.0.0.0/0",
                "name": "route-Firewall",
                "next_hop_in_ip_address": "10.6.1.4",
                "next_hop_type": "VirtualAppliance"
              }
            ],
            "subnets": [
              "/subscriptions/45b6357e-b3b3-4e92-8c9a-5216d9813ded/resourceGroups/rg-AzureFirewall/providers/Microsoft.Network/virtualNetworks/vn-Firewall/subnets/admin"
            ],
            "tags": {},
            "timeouts": null
          },
          "sensitive_attributes": [],
          "private": "eyJlMmJmYjczMC1lY2FhLTExZTYtOGY4OC0zNDM2M2JjN2M0YzAiOnsiY3JlYXRlIjoxODAwMDAwMDAwMDAwLCJkZWxldGUiOjE4MDAwMDAwMDAwMDAsInJlYWQiOjMwMDAwMDAwMDAwMCwidXBkYXRlIjoxODAwMDAwMDAwMDAwfX0=",
          "dependencies": [
            "azurerm_resource_group.AzureFirewallCapture"
          ]
        }
      ]
    },
    {
      "mode": "managed",
      "type": "azurerm_storage_account",
      "name": "cyclecloud",
      "provider": "provider[\"registry.terraform.io/hashicorp/azurerm\"]",
      "instances": [
        {
          "schema_version": 2,
          "attributes": {
            "access_tier": "Hot",
            "account_kind": "StorageV2",
            "account_replication_type": "LRS",
            "account_tier": "Standard",
            "allow_blob_public_access": false,
            "azure_files_authentication": [],
            "blob_properties": [
              {
                "change_feed_enabled": false,
                "container_delete_retention_policy": [],
                "cors_rule": [],
                "default_service_version": "",
                "delete_retention_policy": [],
                "last_access_time_enabled": false,
                "versioning_enabled": false
              }
            ],
            "custom_domain": [],
            "enable_https_traffic_only": true,
            "id": "/subscriptions/45b6357e-b3b3-4e92-8c9a-5216d9813ded/resourceGroups/rg-AzureFirewall/providers/Microsoft.Storage/storageAccounts/sawu03673t",
            "identity": [],
            "is_hns_enabled": false,
            "large_file_share_enabled": null,
            "location": "westeurope",
            "min_tls_version": "TLS1_0",
            "name": "sawu03673t",
            "network_rules": [
              {
                "bypass": [
                  "AzureServices"
                ],
                "default_action": "Allow",
                "ip_rules": [],
                "private_link_access": [],
                "virtual_network_subnet_ids": []
              }
            ],
            "nfsv3_enabled": false,
            "primary_access_key": "D20CmpxKC1fdFSATJ02mrs5KX83+aHAAxowqCdE1VBrZah87a8QzFLNbizE3uMeEFDGWiytyJc6uLcDgtp7aKQ==",
            "primary_blob_connection_string": "DefaultEndpointsProtocol=https;BlobEndpoint=https://sawu03673t.blob.core.windows.net/;AccountName=sawu03673t;AccountKey=D20CmpxKC1fdFSATJ02mrs5KX83+aHAAxowqCdE1VBrZah87a8QzFLNbizE3uMeEFDGWiytyJc6uLcDgtp7aKQ==",
            "primary_blob_endpoint": "https://sawu03673t.blob.core.windows.net/",
            "primary_blob_host": "sawu03673t.blob.core.windows.net",
            "primary_connection_string": "DefaultEndpointsProtocol=https;AccountName=sawu03673t;AccountKey=D20CmpxKC1fdFSATJ02mrs5KX83+aHAAxowqCdE1VBrZah87a8QzFLNbizE3uMeEFDGWiytyJc6uLcDgtp7aKQ==;EndpointSuffix=core.windows.net",
            "primary_dfs_endpoint": "https://sawu03673t.dfs.core.windows.net/",
            "primary_dfs_host": "sawu03673t.dfs.core.windows.net",
            "primary_file_endpoint": "https://sawu03673t.file.core.windows.net/",
            "primary_file_host": "sawu03673t.file.core.windows.net",
            "primary_location": "westeurope",
            "primary_queue_endpoint": "https://sawu03673t.queue.core.windows.net/",
            "primary_queue_host": "sawu03673t.queue.core.windows.net",
            "primary_table_endpoint": "https://sawu03673t.table.core.windows.net/",
            "primary_table_host": "sawu03673t.table.core.windows.net",
            "primary_web_endpoint": "https://sawu03673t.z6.web.core.windows.net/",
            "primary_web_host": "sawu03673t.z6.web.core.windows.net",
            "queue_properties": [
              {
                "cors_rule": [],
                "hour_metrics": [
                  {
                    "enabled": true,
                    "include_apis": true,
                    "retention_policy_days": 7,
                    "version": "1.0"
                  }
                ],
                "logging": [
                  {
                    "delete": false,
                    "read": false,
                    "retention_policy_days": 0,
                    "version": "1.0",
                    "write": false
                  }
                ],
                "minute_metrics": [
                  {
                    "enabled": false,
                    "include_apis": false,
                    "retention_policy_days": 0,
                    "version": "1.0"
                  }
                ]
              }
            ],
            "resource_group_name": "rg-AzureFirewall",
            "routing": [],
            "secondary_access_key": "2mt6ksLcEp8fhJandK0A4iUo//XZo8HYtn/1oizQvQncJqU0OIDu6+P+cJW420GpfKeZ0HScioykjY4d2mCn2g==",
            "secondary_blob_connection_string": "",
            "secondary_blob_endpoint": null,
            "secondary_blob_host": null,
            "secondary_connection_string": "DefaultEndpointsProtocol=https;AccountName=sawu03673t;AccountKey=2mt6ksLcEp8fhJandK0A4iUo//XZo8HYtn/1oizQvQncJqU0OIDu6+P+cJW420GpfKeZ0HScioykjY4d2mCn2g==;EndpointSuffix=core.windows.net",
            "secondary_dfs_endpoint": null,
            "secondary_dfs_host": null,
            "secondary_file_endpoint": null,
            "secondary_file_host": null,
            "secondary_location": "",
            "secondary_queue_endpoint": null,
            "secondary_queue_host": null,
            "secondary_table_endpoint": null,
            "secondary_table_host": null,
            "secondary_web_endpoint": null,
            "secondary_web_host": null,
            "share_properties": [
              {
                "cors_rule": [],
                "retention_policy": [
                  {
                    "days": 7
                  }
                ],
                "smb": []
              }
            ],
            "shared_access_key_enabled": true,
            "static_website": [],
            "tags": {
              "BusinessUnit": "FirewallCaptureTest",
              "Category": "Cloud",
              "CostCenter": "",
              "DataClassification": "Confidential",
              "Environment": "Dev",
              "Owner": "alexandre.jean@microsoft.com",
              "WorkloadName": "FirewallCaptureTest"
            },
            "timeouts": null
          },
          "sensitive_attributes": [],
          "private": "eyJlMmJmYjczMC1lY2FhLTExZTYtOGY4OC0zNDM2M2JjN2M0YzAiOnsiY3JlYXRlIjozNjAwMDAwMDAwMDAwLCJkZWxldGUiOjM2MDAwMDAwMDAwMDAsInJlYWQiOjMwMDAwMDAwMDAwMCwidXBkYXRlIjozNjAwMDAwMDAwMDAwfSwic2NoZW1hX3ZlcnNpb24iOiIyIn0=",
          "dependencies": [
            "azurerm_resource_group.AzureFirewallCapture",
            "random_string.random"
          ]
        }
      ]
    },
    {
      "mode": "managed",
      "type": "azurerm_subnet",
      "name": "admin",
      "provider": "provider[\"registry.terraform.io/hashicorp/azurerm\"]",
      "instances": [
        {
          "schema_version": 0,
          "attributes": {
            "address_prefix": "10.6.0.0/28",
            "address_prefixes": [
              "10.6.0.0/28"
            ],
            "delegation": [],
            "enforce_private_link_endpoint_network_policies": false,
            "enforce_private_link_service_network_policies": false,
            "id": "/subscriptions/45b6357e-b3b3-4e92-8c9a-5216d9813ded/resourceGroups/rg-AzureFirewall/providers/Microsoft.Network/virtualNetworks/vn-Firewall/subnets/admin",
            "name": "admin",
            "resource_group_name": "rg-AzureFirewall",
            "service_endpoint_policy_ids": [],
            "service_endpoints": [],
            "timeouts": null,
            "virtual_network_name": "vn-Firewall"
          },
          "sensitive_attributes": [],
          "private": "eyJlMmJmYjczMC1lY2FhLTExZTYtOGY4OC0zNDM2M2JjN2M0YzAiOnsiY3JlYXRlIjoxODAwMDAwMDAwMDAwLCJkZWxldGUiOjE4MDAwMDAwMDAwMDAsInJlYWQiOjMwMDAwMDAwMDAwMCwidXBkYXRlIjoxODAwMDAwMDAwMDAwfX0=",
          "dependencies": [
            "azurerm_resource_group.AzureFirewallCapture",
            "azurerm_virtual_network.vnet"
          ]
        }
      ]
    },
    {
      "mode": "managed",
      "type": "azurerm_subnet",
      "name": "bastion",
      "provider": "provider[\"registry.terraform.io/hashicorp/azurerm\"]",
      "instances": [
        {
          "schema_version": 0,
          "attributes": {
            "address_prefix": "10.6.2.0/26",
            "address_prefixes": [
              "10.6.2.0/26"
            ],
            "delegation": [],
            "enforce_private_link_endpoint_network_policies": false,
            "enforce_private_link_service_network_policies": false,
            "id": "/subscriptions/45b6357e-b3b3-4e92-8c9a-5216d9813ded/resourceGroups/rg-AzureFirewall/providers/Microsoft.Network/virtualNetworks/vn-Firewall/subnets/AzureBastionSubnet",
            "name": "AzureBastionSubnet",
            "resource_group_name": "rg-AzureFirewall",
            "service_endpoint_policy_ids": [],
            "service_endpoints": [],
            "timeouts": null,
            "virtual_network_name": "vn-Firewall"
          },
          "sensitive_attributes": [],
          "private": "eyJlMmJmYjczMC1lY2FhLTExZTYtOGY4OC0zNDM2M2JjN2M0YzAiOnsiY3JlYXRlIjoxODAwMDAwMDAwMDAwLCJkZWxldGUiOjE4MDAwMDAwMDAwMDAsInJlYWQiOjMwMDAwMDAwMDAwMCwidXBkYXRlIjoxODAwMDAwMDAwMDAwfX0=",
          "dependencies": [
            "azurerm_resource_group.AzureFirewallCapture",
            "azurerm_virtual_network.vnet"
          ]
        }
      ]
    },
    {
      "mode": "managed",
      "type": "azurerm_subnet",
      "name": "firewall",
      "provider": "provider[\"registry.terraform.io/hashicorp/azurerm\"]",
      "instances": [
        {
          "schema_version": 0,
          "attributes": {
            "address_prefix": "10.6.1.0/26",
            "address_prefixes": [
              "10.6.1.0/26"
            ],
            "delegation": [],
            "enforce_private_link_endpoint_network_policies": false,
            "enforce_private_link_service_network_policies": false,
            "id": "/subscriptions/45b6357e-b3b3-4e92-8c9a-5216d9813ded/resourceGroups/rg-AzureFirewall/providers/Microsoft.Network/virtualNetworks/vn-Firewall/subnets/AzureFirewallSubnet",
            "name": "AzureFirewallSubnet",
            "resource_group_name": "rg-AzureFirewall",
            "service_endpoint_policy_ids": [],
            "service_endpoints": [],
            "timeouts": null,
            "virtual_network_name": "vn-Firewall"
          },
          "sensitive_attributes": [],
          "private": "eyJlMmJmYjczMC1lY2FhLTExZTYtOGY4OC0zNDM2M2JjN2M0YzAiOnsiY3JlYXRlIjoxODAwMDAwMDAwMDAwLCJkZWxldGUiOjE4MDAwMDAwMDAwMDAsInJlYWQiOjMwMDAwMDAwMDAwMCwidXBkYXRlIjoxODAwMDAwMDAwMDAwfX0=",
          "dependencies": [
            "azurerm_resource_group.AzureFirewallCapture",
            "azurerm_virtual_network.vnet"
          ]
        }
      ]
    },
    {
      "mode": "managed",
      "type": "azurerm_subnet_route_table_association",
      "name": "ta-admin",
      "provider": "provider[\"registry.terraform.io/hashicorp/azurerm\"]",
      "instances": [
        {
          "schema_version": 0,
          "attributes": {
            "id": "/subscriptions/45b6357e-b3b3-4e92-8c9a-5216d9813ded/resourceGroups/rg-AzureFirewall/providers/Microsoft.Network/virtualNetworks/vn-Firewall/subnets/admin",
            "route_table_id": "/subscriptions/45b6357e-b3b3-4e92-8c9a-5216d9813ded/resourceGroups/rg-AzureFirewall/providers/Microsoft.Network/routeTables/rt-Firewall",
            "subnet_id": "/subscriptions/45b6357e-b3b3-4e92-8c9a-5216d9813ded/resourceGroups/rg-AzureFirewall/providers/Microsoft.Network/virtualNetworks/vn-Firewall/subnets/admin",
            "timeouts": null
          },
          "sensitive_attributes": [],
          "private": "eyJlMmJmYjczMC1lY2FhLTExZTYtOGY4OC0zNDM2M2JjN2M0YzAiOnsiY3JlYXRlIjoxODAwMDAwMDAwMDAwLCJkZWxldGUiOjE4MDAwMDAwMDAwMDAsInJlYWQiOjMwMDAwMDAwMDAwMCwidXBkYXRlIjoxODAwMDAwMDAwMDAwfX0=",
          "dependencies": [
            "azurerm_resource_group.AzureFirewallCapture",
            "azurerm_route_table.route-table",
            "azurerm_subnet.admin",
            "azurerm_virtual_network.vnet"
          ]
        }
      ]
    },
    {
      "mode": "managed",
      "type": "azurerm_virtual_machine",
      "name": "cyclecloud",
      "provider": "provider[\"registry.terraform.io/hashicorp/azurerm\"]",
      "instances": [
        {
          "schema_version": 0,
          "attributes": {
            "additional_capabilities": [],
            "availability_set_id": null,
            "boot_diagnostics": [],
            "delete_data_disks_on_termination": false,
            "delete_os_disk_on_termination": false,
            "id": "/subscriptions/45b6357e-b3b3-4e92-8c9a-5216d9813ded/resourceGroups/rg-AzureFirewall/providers/Microsoft.Compute/virtualMachines/vm-Firewall-cyclecloud",
            "identity": [
              {
                "identity_ids": [],
                "principal_id": "6e1bf248-c0a6-46ec-856c-c05926cb50a8",
                "type": "SystemAssigned"
              }
            ],
            "license_type": null,
            "location": "westeurope",
            "name": "vm-Firewall-cyclecloud",
            "network_interface_ids": [
              "/subscriptions/45b6357e-b3b3-4e92-8c9a-5216d9813ded/resourceGroups/rg-AzureFirewall/providers/Microsoft.Network/networkInterfaces/vm-Firewall-nic"
            ],
            "os_profile": [
              {
                "admin_password": "",
                "admin_username": "hpcadmin",
                "computer_name": "vm-Firewall-cyclecloud",
                "custom_data": ""
              }
            ],
            "os_profile_linux_config": [
              {
                "disable_password_authentication": false,
                "ssh_keys": []
              }
            ],
            "os_profile_secrets": [],
            "os_profile_windows_config": [],
            "plan": [
              {
                "name": "cyclecloud8",
                "product": "azure-cyclecloud",
                "publisher": "azurecyclecloud"
              }
            ],
            "primary_network_interface_id": null,
            "proximity_placement_group_id": null,
            "resource_group_name": "rg-AzureFirewall",
            "storage_data_disk": [
              {
                "caching": "None",
                "create_option": "FromImage",
                "disk_size_gb": 128,
                "lun": 0,
                "managed_disk_id": "/subscriptions/45b6357e-b3b3-4e92-8c9a-5216d9813ded/resourceGroups/rg-AzureFirewall/providers/Microsoft.Compute/disks/vm-Firewall-cyclecloud_lun_0_2_ef75273490ed4b9397644d16e770c914",
                "managed_disk_type": "Premium_LRS",
                "name": "vm-Firewall-cyclecloud_lun_0_2_ef75273490ed4b9397644d16e770c914",
                "vhd_uri": "",
                "write_accelerator_enabled": false
              },
              {
                "caching": "ReadOnly",
                "create_option": "Attach",
                "disk_size_gb": 128,
                "lun": 1,
                "managed_disk_id": "/subscriptions/45b6357e-b3b3-4e92-8c9a-5216d9813ded/resourceGroups/rg-AzureFirewall/providers/Microsoft.Compute/disks/vm-Firewall-cyclecloud-DataDisk1",
                "managed_disk_type": "Standard_LRS",
                "name": "vm-Firewall-cyclecloud-DataDisk1",
                "vhd_uri": "",
                "write_accelerator_enabled": false
              }
            ],
            "storage_image_reference": [
              {
                "id": "",
                "offer": "azure-cyclecloud",
                "publisher": "azurecyclecloud",
                "sku": "cyclecloud8",
                "version": "latest"
              }
            ],
            "storage_os_disk": [
              {
                "caching": "ReadWrite",
                "create_option": "FromImage",
                "disk_size_gb": 30,
                "image_uri": "",
                "managed_disk_id": "/subscriptions/45b6357e-b3b3-4e92-8c9a-5216d9813ded/resourceGroups/rg-AzureFirewall/providers/Microsoft.Compute/disks/vm-Firewall-cyclecloud-OsDisk",
                "managed_disk_type": "Standard_LRS",
                "name": "vm-Firewall-cyclecloud-OsDisk",
                "os_type": "Linux",
                "vhd_uri": "",
                "write_accelerator_enabled": false
              }
            ],
            "tags": {
              "BusinessUnit": "FirewallCaptureTest",
              "Category": "Cloud",
              "CostCenter": "",
              "DataClassification": "Confidential",
              "Environment": "Dev",
              "Owner": "alexandre.jean@microsoft.com",
              "WorkloadName": "FirewallCaptureTest"
            },
            "timeouts": null,
            "vm_size": "Standard_DS2_v2",
            "zones": []
          },
          "sensitive_attributes": [],
          "private": "eyJlMmJmYjczMC1lY2FhLTExZTYtOGY4OC0zNDM2M2JjN2M0YzAiOnsiY3JlYXRlIjozNjAwMDAwMDAwMDAwLCJkZWxldGUiOjM2MDAwMDAwMDAwMDAsInJlYWQiOjMwMDAwMDAwMDAwMCwidXBkYXRlIjozNjAwMDAwMDAwMDAwfX0=",
          "dependencies": [
            "azurerm_network_interface.cyclecloud",
            "azurerm_resource_group.AzureFirewallCapture",
            "azurerm_storage_account.cyclecloud",
            "azurerm_subnet.admin",
            "azurerm_virtual_network.vnet",
            "data.azurerm_subscription.sub-test",
            "random_string.random"
          ]
        }
      ]
    },
    {
      "mode": "managed",
      "type": "azurerm_virtual_machine_data_disk_attachment",
      "name": "cyclecloud",
      "provider": "provider[\"registry.terraform.io/hashicorp/azurerm\"]",
      "instances": [
        {
          "schema_version": 0,
          "attributes": {
            "caching": "ReadOnly",
            "create_option": "Attach",
            "id": "/subscriptions/45b6357e-b3b3-4e92-8c9a-5216d9813ded/resourceGroups/rg-AzureFirewall/providers/Microsoft.Compute/virtualMachines/vm-Firewall-cyclecloud/dataDisks/vm-Firewall-cyclecloud-DataDisk1",
            "lun": 1,
            "managed_disk_id": "/subscriptions/45b6357e-b3b3-4e92-8c9a-5216d9813ded/resourceGroups/rg-AzureFirewall/providers/Microsoft.Compute/disks/vm-Firewall-cyclecloud-DataDisk1",
            "timeouts": null,
            "virtual_machine_id": "/subscriptions/45b6357e-b3b3-4e92-8c9a-5216d9813ded/resourceGroups/rg-AzureFirewall/providers/Microsoft.Compute/virtualMachines/vm-Firewall-cyclecloud",
            "write_accelerator_enabled": false
          },
          "sensitive_attributes": [],
          "private": "eyJlMmJmYjczMC1lY2FhLTExZTYtOGY4OC0zNDM2M2JjN2M0YzAiOnsiY3JlYXRlIjoxODAwMDAwMDAwMDAwLCJkZWxldGUiOjE4MDAwMDAwMDAwMDAsInJlYWQiOjMwMDAwMDAwMDAwMCwidXBkYXRlIjoxODAwMDAwMDAwMDAwfX0=",
          "dependencies": [
            "azurerm_managed_disk.cyclecloud",
            "azurerm_network_interface.cyclecloud",
            "azurerm_resource_group.AzureFirewallCapture",
            "azurerm_storage_account.cyclecloud",
            "azurerm_subnet.admin",
            "azurerm_virtual_machine.cyclecloud",
            "azurerm_virtual_network.vnet",
            "data.azurerm_subscription.sub-test",
            "random_string.random"
          ]
        }
      ]
    },
    {
      "mode": "managed",
      "type": "azurerm_virtual_network",
      "name": "vnet",
      "provider": "provider[\"registry.terraform.io/hashicorp/azurerm\"]",
      "instances": [
        {
          "schema_version": 0,
          "attributes": {
            "address_space": [
              "10.6.0.0/16"
            ],
            "bgp_community": "",
            "ddos_protection_plan": [],
            "dns_servers": [],
            "guid": "f3473b72-8438-4698-accf-139e40a0e3ee",
            "id": "/subscriptions/45b6357e-b3b3-4e92-8c9a-5216d9813ded/resourceGroups/rg-AzureFirewall/providers/Microsoft.Network/virtualNetworks/vn-Firewall",
            "location": "westeurope",
            "name": "vn-Firewall",
            "resource_group_name": "rg-AzureFirewall",
            "subnet": [
              {
                "address_prefix": "10.6.0.0/28",
                "id": "/subscriptions/45b6357e-b3b3-4e92-8c9a-5216d9813ded/resourceGroups/rg-AzureFirewall/providers/Microsoft.Network/virtualNetworks/vn-Firewall/subnets/admin",
                "name": "admin",
                "security_group": ""
              },
              {
                "address_prefix": "10.6.1.0/26",
                "id": "/subscriptions/45b6357e-b3b3-4e92-8c9a-5216d9813ded/resourceGroups/rg-AzureFirewall/providers/Microsoft.Network/virtualNetworks/vn-Firewall/subnets/AzureFirewallSubnet",
                "name": "AzureFirewallSubnet",
                "security_group": ""
              },
              {
                "address_prefix": "10.6.2.0/26",
                "id": "/subscriptions/45b6357e-b3b3-4e92-8c9a-5216d9813ded/resourceGroups/rg-AzureFirewall/providers/Microsoft.Network/virtualNetworks/vn-Firewall/subnets/AzureBastionSubnet",
                "name": "AzureBastionSubnet",
                "security_group": ""
              }
            ],
            "tags": {
              "BusinessUnit": "FirewallCaptureTest",
              "Category": "Cloud",
              "CostCenter": "",
              "DataClassification": "Confidential",
              "Environment": "Dev",
              "Owner": "alexandre.jean@microsoft.com",
              "WorkloadName": "FirewallCaptureTest"
            },
            "timeouts": null,
            "vm_protection_enabled": false
          },
          "sensitive_attributes": [],
          "private": "eyJlMmJmYjczMC1lY2FhLTExZTYtOGY4OC0zNDM2M2JjN2M0YzAiOnsiY3JlYXRlIjoxODAwMDAwMDAwMDAwLCJkZWxldGUiOjE4MDAwMDAwMDAwMDAsInJlYWQiOjMwMDAwMDAwMDAwMCwidXBkYXRlIjoxODAwMDAwMDAwMDAwfX0=",
          "dependencies": [
            "azurerm_resource_group.AzureFirewallCapture"
          ]
        }
      ]
    },
    {
      "mode": "managed",
      "type": "random_string",
      "name": "random",
      "provider": "provider[\"registry.terraform.io/hashicorp/random\"]",
      "instances": [
        {
          "schema_version": 1,
          "attributes": {
            "id": "wu03673t",
            "keepers": null,
            "length": 8,
            "lower": true,
            "min_lower": 0,
            "min_numeric": 0,
            "min_special": 0,
            "min_upper": 0,
            "number": true,
            "override_special": null,
            "result": "wu03673t",
            "special": false,
            "upper": false
          },
          "sensitive_attributes": [],
          "private": "eyJzY2hlbWFfdmVyc2lvbiI6IjEifQ=="
        }
      ]
    }
  ]
}
