{
  "version": 4,
  "terraform_version": "1.1.7",
  "serial": 337,
  "lineage": "87671f6f-6e4f-2e8c-bb85-8fe11b0292cc",
  "outputs": {},
  "resources": [
    {
      "mode": "managed",
      "type": "azurerm_firewall_policy",
      "name": "AzureFirewallCapture",
      "provider": "provider[\"registry.terraform.io/hashicorp/azurerm\"]",
      "instances": [
        {
          "schema_version": 0,
          "attributes": {
            "base_policy_id": "",
            "child_policies": [],
            "dns": [],
            "firewalls": [
              "/subscriptions/45b6357e-b3b3-4e92-8c9a-5216d9813ded/resourceGroups/rg-AzureFirewall/providers/Microsoft.Network/azureFirewalls/fw-Firewall"
            ],
            "id": "/subscriptions/45b6357e-b3b3-4e92-8c9a-5216d9813ded/resourceGroups/rg-AzureFirewall/providers/Microsoft.Network/firewallPolicies/fwpolicy-1",
            "identity": [],
            "intrusion_detection": [],
            "location": "westeurope",
            "name": "fwpolicy-1",
            "private_ip_ranges": [],
            "resource_group_name": "rg-AzureFirewall",
            "rule_collection_groups": [],
            "sku": "Standard",
            "tags": {},
            "threat_intelligence_allowlist": [],
            "threat_intelligence_mode": "Alert",
            "timeouts": null,
            "tls_certificate": []
          },
          "sensitive_attributes": [],
          "private": "eyJlMmJmYjczMC1lY2FhLTExZTYtOGY4OC0zNDM2M2JjN2M0YzAiOnsiY3JlYXRlIjoxODAwMDAwMDAwMDAwLCJkZWxldGUiOjE4MDAwMDAwMDAwMDAsInJlYWQiOjMwMDAwMDAwMDAwMCwidXBkYXRlIjoxODAwMDAwMDAwMDAwfX0=",
          "dependencies": [
            "azurerm_resource_group.AzureFirewallCapture"
          ]
        }
      ]
    },
    {
      "mode": "managed",
      "type": "azurerm_resource_group",
      "name": "AzureFirewallCapture",
      "provider": "provider[\"registry.terraform.io/hashicorp/azurerm\"]",
      "instances": [
        {
          "schema_version": 0,
          "attributes": {
            "id": "/subscriptions/45b6357e-b3b3-4e92-8c9a-5216d9813ded/resourceGroups/rg-AzureFirewall",
            "location": "westeurope",
            "name": "rg-AzureFirewall",
            "tags": {},
            "timeouts": null
          },
          "sensitive_attributes": [],
          "private": "eyJlMmJmYjczMC1lY2FhLTExZTYtOGY4OC0zNDM2M2JjN2M0YzAiOnsiY3JlYXRlIjo1NDAwMDAwMDAwMDAwLCJkZWxldGUiOjU0MDAwMDAwMDAwMDAsInJlYWQiOjMwMDAwMDAwMDAwMCwidXBkYXRlIjo1NDAwMDAwMDAwMDAwfX0="
        }
      ]
    }
  ]
}
